
Microsoft Visual Studio Solution File, Format Version 12.00
# Visual Studio Version 16
VisualStudioVersion = 16.0.29306.81
MinimumVisualStudioVersion = 10.0.40219.1
Project("{FAE04EC0-301F-11D3-BF4B-00C04F79EFBC}") = "GoogleDriveCrawler", "GoogleDriveCrawler\GoogleDriveCrawler.csproj", "{B53044E7-9777-4033-BAF1-D5FBFDACE2CA}"
EndProject
Global
	GlobalSection(SolutionConfigurationPlatforms) = preSolution
		Debug|Any CPU = Debug|Any CPU
		Release|Any CPU = Release|Any CPU
	EndGlobalSection
	GlobalSection(ProjectConfigurationPlatforms) = postSolution
		{B53044E7-9777-4033-BAF1-D5FBFDACE2CA}.Debug|Any CPU.ActiveCfg = Debug|Any CPU
		{B53044E7-9777-4033-BAF1-D5FBFDACE2CA}.Debug|Any CPU.Build.0 = Debug|Any CPU
		{B53044E7-9777-4033-BAF1-D5FBFDACE2CA}.Release|Any CPU.ActiveCfg = Release|Any CPU
		{B53044E7-9777-4033-BAF1-D5FBFDACE2CA}.Release|Any CPU.Build.0 = Release|Any CPU
	EndGlobalSection
	GlobalSection(SolutionProperties) = preSolution
		HideSolutionNode = FALSE
	EndGlobalSection
	GlobalSection(ExtensibilityGlobals) = postSolution
		SolutionGuid = {95D608E1-E4F1-45CF-87D0-6DA14481B4F4}
	EndGlobalSection
EndGlobal
